// !$*UTF8*$!
{
	archiveVersion = 1;
	classes = {
	};
	objectVersion = 46;
	objects = {

/* Begin PBXBuildFile section */
		0E8B98CE1D284B6400C9663F /* ScrollingBackgroundScene.swift in Sources */ = {isa = PBXBuildFile; fileRef = 0E8B98CD1D284B6400C9663F /* ScrollingBackgroundScene.swift */; };
		0E8B98CF1D284B8000C9663F /* ScrollingBackgroundScene.swift in Sources */ = {isa = PBXBuildFile; fileRef = 0E8B98CD1D284B6400C9663F /* ScrollingBackgroundScene.swift */; };
		0E8B98D01D284B8100C9663F /* ScrollingBackgroundScene.swift in Sources */ = {isa = PBXBuildFile; fileRef = 0E8B98CD1D284B6400C9663F /* ScrollingBackgroundScene.swift */; };
		0EE13C0C1D1D5F9500A9E7C7 /* AppDelegate.swift in Sources */ = {isa = PBXBuildFile; fileRef = 0EE13C0B1D1D5F9500A9E7C7 /* AppDelegate.swift */; };
		0EE13C0E1D1D5F9500A9E7C7 /* TVViewController.swift in Sources */ = {isa = PBXBuildFile; fileRef = 0EE13C0D1D1D5F9500A9E7C7 /* TVViewController.swift */; };
		0EE13C111D1D5F9500A9E7C7 /* Main.storyboard in Resources */ = {isa = PBXBuildFile; fileRef = 0EE13C0F1D1D5F9500A9E7C7 /* Main.storyboard */; };
		0EE13C131D1D5F9500A9E7C7 /* Assets.xcassets in Resources */ = {isa = PBXBuildFile; fileRef = 0EE13C121D1D5F9500A9E7C7 /* Assets.xcassets */; };
		0EE13C181D1D5FA600A9E7C7 /* GameScene.swift in Sources */ = {isa = PBXBuildFile; fileRef = 0EFAA5DF1D19531100750122 /* GameScene.swift */; };
		0EE13C191D1D5FA600A9E7C7 /* LowerPipeNode.swift in Sources */ = {isa = PBXBuildFile; fileRef = 0EFAA5E41D19531100750122 /* LowerPipeNode.swift */; };
		0EE13C1A1D1D5FA600A9E7C7 /* PipeNode.swift in Sources */ = {isa = PBXBuildFile; fileRef = 0EFAA5E11D19531100750122 /* PipeNode.swift */; };
		0EE13C1B1D1D5FA700A9E7C7 /* PipePair.swift in Sources */ = {isa = PBXBuildFile; fileRef = 0EFAA5E21D19531100750122 /* PipePair.swift */; };
		0EE13C1C1D1D5FA700A9E7C7 /* PlayerNode.swift in Sources */ = {isa = PBXBuildFile; fileRef = 0EFAA5E01D19531100750122 /* PlayerNode.swift */; };
		0EE13C1D1D1D5FA700A9E7C7 /* UpperPipeNode.swift in Sources */ = {isa = PBXBuildFile; fileRef = 0EFAA5E31D19531100750122 /* UpperPipeNode.swift */; };
		0EE13C1F1D1D5FB300A9E7C7 /* SpriteKit.framework in Frameworks */ = {isa = PBXBuildFile; fileRef = 0EE13C1E1D1D5FB300A9E7C7 /* SpriteKit.framework */; };
		0EFAA5A91D1952E800750122 /* AppDelegate.swift in Sources */ = {isa = PBXBuildFile; fileRef = 0EFAA5A81D1952E800750122 /* AppDelegate.swift */; };
		0EFAA5AB1D1952E800750122 /* ViewController.swift in Sources */ = {isa = PBXBuildFile; fileRef = 0EFAA5AA1D1952E800750122 /* ViewController.swift */; };
		0EFAA5AE1D1952E800750122 /* Main.storyboard in Resources */ = {isa = PBXBuildFile; fileRef = 0EFAA5AC1D1952E800750122 /* Main.storyboard */; };
		0EFAA5B01D1952E800750122 /* Assets.xcassets in Resources */ = {isa = PBXBuildFile; fileRef = 0EFAA5AF1D1952E800750122 /* Assets.xcassets */; };
		0EFAA5B31D1952E800750122 /* LaunchScreen.storyboard in Resources */ = {isa = PBXBuildFile; fileRef = 0EFAA5B11D1952E800750122 /* LaunchScreen.storyboard */; };
		0EFAA5B81D1952E800750122 /* BlappyFird WatchKit App.app in Embed Watch Content */ = {isa = PBXBuildFile; fileRef = 0EFAA5B71D1952E800750122 /* BlappyFird WatchKit App.app */; };
		0EFAA5BE1D1952E800750122 /* Interface.storyboard in Resources */ = {isa = PBXBuildFile; fileRef = 0EFAA5BC1D1952E800750122 /* Interface.storyboard */; };
		0EFAA5C01D1952E800750122 /* Assets.xcassets in Resources */ = {isa = PBXBuildFile; fileRef = 0EFAA5BF1D1952E800750122 /* Assets.xcassets */; };
		0EFAA5C71D1952E800750122 /* BlappyFird WatchKit Extension.appex in Embed App Extensions */ = {isa = PBXBuildFile; fileRef = 0EFAA5C61D1952E800750122 /* BlappyFird WatchKit Extension.appex */; settings = {ATTRIBUTES = (RemoveHeadersOnCopy, ); }; };
		0EFAA5CC1D1952E800750122 /* InterfaceController.swift in Sources */ = {isa = PBXBuildFile; fileRef = 0EFAA5CB1D1952E800750122 /* InterfaceController.swift */; };
		0EFAA5CE1D1952E800750122 /* ExtensionDelegate.swift in Sources */ = {isa = PBXBuildFile; fileRef = 0EFAA5CD1D1952E800750122 /* ExtensionDelegate.swift */; };
		0EFAA5D01D1952E800750122 /* Assets.xcassets in Resources */ = {isa = PBXBuildFile; fileRef = 0EFAA5CF1D1952E800750122 /* Assets.xcassets */; };
		0EFAA5E51D19531100750122 /* GameScene.swift in Sources */ = {isa = PBXBuildFile; fileRef = 0EFAA5DF1D19531100750122 /* GameScene.swift */; };
		0EFAA5E61D19531100750122 /* GameScene.swift in Sources */ = {isa = PBXBuildFile; fileRef = 0EFAA5DF1D19531100750122 /* GameScene.swift */; };
		0EFAA5E71D19531100750122 /* PlayerNode.swift in Sources */ = {isa = PBXBuildFile; fileRef = 0EFAA5E01D19531100750122 /* PlayerNode.swift */; };
		0EFAA5E81D19531100750122 /* PlayerNode.swift in Sources */ = {isa = PBXBuildFile; fileRef = 0EFAA5E01D19531100750122 /* PlayerNode.swift */; };
		0EFAA5E91D19531100750122 /* PipeNode.swift in Sources */ = {isa = PBXBuildFile; fileRef = 0EFAA5E11D19531100750122 /* PipeNode.swift */; };
		0EFAA5EA1D19531100750122 /* PipeNode.swift in Sources */ = {isa = PBXBuildFile; fileRef = 0EFAA5E11D19531100750122 /* PipeNode.swift */; };
		0EFAA5EB1D19531100750122 /* PipePair.swift in Sources */ = {isa = PBXBuildFile; fileRef = 0EFAA5E21D19531100750122 /* PipePair.swift */; };
		0EFAA5EC1D19531100750122 /* PipePair.swift in Sources */ = {isa = PBXBuildFile; fileRef = 0EFAA5E21D19531100750122 /* PipePair.swift */; };
		0EFAA5ED1D19531100750122 /* UpperPipeNode.swift in Sources */ = {isa = PBXBuildFile; fileRef = 0EFAA5E31D19531100750122 /* UpperPipeNode.swift */; };
		0EFAA5EE1D19531100750122 /* UpperPipeNode.swift in Sources */ = {isa = PBXBuildFile; fileRef = 0EFAA5E31D19531100750122 /* UpperPipeNode.swift */; };
		0EFAA5EF1D19531100750122 /* LowerPipeNode.swift in Sources */ = {isa = PBXBuildFile; fileRef = 0EFAA5E41D19531100750122 /* LowerPipeNode.swift */; };
		0EFAA5F01D19531100750122 /* LowerPipeNode.swift in Sources */ = {isa = PBXBuildFile; fileRef = 0EFAA5E41D19531100750122 /* LowerPipeNode.swift */; };
		0EFAA5F41D19535200750122 /* SpriteKit.framework in Frameworks */ = {isa = PBXBuildFile; fileRef = 0EFAA5F31D19535200750122 /* SpriteKit.framework */; };
		0EFAA5F61D19535900750122 /* SpriteKit.framework in Frameworks */ = {isa = PBXBuildFile; fileRef = 0EFAA5F51D19535900750122 /* SpriteKit.framework */; };
/* End PBXBuildFile section */

/* Begin PBXContainerItemProxy section */
		0EFAA5B91D1952E800750122 /* PBXContainerItemProxy */ = {
			isa = PBXContainerItemProxy;
			containerPortal = 0EFAA59D1D1952E800750122 /* Project object */;
			proxyType = 1;
			remoteGlobalIDString = 0EFAA5B61D1952E800750122;
			remoteInfo = "BlappyFird WatchKit App";
		};
		0EFAA5C81D1952E800750122 /* PBXContainerItemProxy */ = {
			isa = PBXContainerItemProxy;
			containerPortal = 0EFAA59D1D1952E800750122 /* Project object */;
			proxyType = 1;
			remoteGlobalIDString = 0EFAA5C51D1952E800750122;
			remoteInfo = "BlappyFird WatchKit Extension";
		};
/* End PBXContainerItemProxy section */

/* Begin PBXCopyFilesBuildPhase section */
		0EFAA5D71D1952E800750122 /* Embed App Extensions */ = {
			isa = PBXCopyFilesBuildPhase;
			buildActionMask = 2147483647;
			dstPath = "";
			dstSubfolderSpec = 13;
			files = (
				0EFAA5C71D1952E800750122 /* BlappyFird WatchKit Extension.appex in Embed App Extensions */,
			);
			name = "Embed App Extensions";
			runOnlyForDeploymentPostprocessing = 0;
		};
		0EFAA5DB1D1952E800750122 /* Embed Watch Content */ = {
			isa = PBXCopyFilesBuildPhase;
			buildActionMask = 2147483647;
			dstPath = "$(CONTENTS_FOLDER_PATH)/Watch";
			dstSubfolderSpec = 16;
			files = (
				0EFAA5B81D1952E800750122 /* BlappyFird WatchKit App.app in Embed Watch Content */,
			);
			name = "Embed Watch Content";
			runOnlyForDeploymentPostprocessing = 0;
		};
/* End PBXCopyFilesBuildPhase section */

/* Begin PBXFileReference section */
		0E8B98CD1D284B6400C9663F /* ScrollingBackgroundScene.swift */ = {isa = PBXFileReference; fileEncoding = 4; lastKnownFileType = sourcecode.swift; path = ScrollingBackgroundScene.swift; sourceTree = "<group>"; };
		0EE13C091D1D5F9500A9E7C7 /* Blappy Fird.app */ = {isa = PBXFileReference; explicitFileType = wrapper.application; includeInIndex = 0; path = "Blappy Fird.app"; sourceTree = BUILT_PRODUCTS_DIR; };
		0EE13C0B1D1D5F9500A9E7C7 /* AppDelegate.swift */ = {isa = PBXFileReference; lastKnownFileType = sourcecode.swift; path = AppDelegate.swift; sourceTree = "<group>"; };
		0EE13C0D1D1D5F9500A9E7C7 /* TVViewController.swift */ = {isa = PBXFileReference; lastKnownFileType = sourcecode.swift; path = TVViewController.swift; sourceTree = "<group>"; };
		0EE13C101D1D5F9500A9E7C7 /* Base */ = {isa = PBXFileReference; lastKnownFileType = file.storyboard; name = Base; path = Base.lproj/Main.storyboard; sourceTree = "<group>"; };
		0EE13C121D1D5F9500A9E7C7 /* Assets.xcassets */ = {isa = PBXFileReference; lastKnownFileType = folder.assetcatalog; path = Assets.xcassets; sourceTree = "<group>"; };
		0EE13C141D1D5F9500A9E7C7 /* Info.plist */ = {isa = PBXFileReference; lastKnownFileType = text.plist.xml; path = Info.plist; sourceTree = "<group>"; };
		0EE13C1E1D1D5FB300A9E7C7 /* SpriteKit.framework */ = {isa = PBXFileReference; lastKnownFileType = wrapper.framework; name = SpriteKit.framework; path = Platforms/AppleTVOS.platform/Developer/SDKs/AppleTVOS10.0.sdk/System/Library/Frameworks/SpriteKit.framework; sourceTree = DEVELOPER_DIR; };
		0EFAA5A51D1952E800750122 /* BlappyFird.app */ = {isa = PBXFileReference; explicitFileType = wrapper.application; includeInIndex = 0; path = BlappyFird.app; sourceTree = BUILT_PRODUCTS_DIR; };
		0EFAA5A81D1952E800750122 /* AppDelegate.swift */ = {isa = PBXFileReference; lastKnownFileType = sourcecode.swift; path = AppDelegate.swift; sourceTree = "<group>"; };
		0EFAA5AA1D1952E800750122 /* ViewController.swift */ = {isa = PBXFileReference; lastKnownFileType = sourcecode.swift; path = ViewController.swift; sourceTree = "<group>"; };
		0EFAA5AD1D1952E800750122 /* Base */ = {isa = PBXFileReference; lastKnownFileType = file.storyboard; name = Base; path = Base.lproj/Main.storyboard; sourceTree = "<group>"; };
		0EFAA5AF1D1952E800750122 /* Assets.xcassets */ = {isa = PBXFileReference; lastKnownFileType = folder.assetcatalog; path = Assets.xcassets; sourceTree = "<group>"; };
		0EFAA5B21D1952E800750122 /* Base */ = {isa = PBXFileReference; lastKnownFileType = file.storyboard; name = Base; path = Base.lproj/LaunchScreen.storyboard; sourceTree = "<group>"; };
		0EFAA5B41D1952E800750122 /* Info.plist */ = {isa = PBXFileReference; lastKnownFileType = text.plist.xml; path = Info.plist; sourceTree = "<group>"; };
		0EFAA5B71D1952E800750122 /* BlappyFird WatchKit App.app */ = {isa = PBXFileReference; explicitFileType = wrapper.application; includeInIndex = 0; path = "BlappyFird WatchKit App.app"; sourceTree = BUILT_PRODUCTS_DIR; };
		0EFAA5BD1D1952E800750122 /* Base */ = {isa = PBXFileReference; lastKnownFileType = file.storyboard; name = Base; path = Base.lproj/Interface.storyboard; sourceTree = "<group>"; };
		0EFAA5BF1D1952E800750122 /* Assets.xcassets */ = {isa = PBXFileReference; lastKnownFileType = folder.assetcatalog; path = Assets.xcassets; sourceTree = "<group>"; };
		0EFAA5C11D1952E800750122 /* Info.plist */ = {isa = PBXFileReference; lastKnownFileType = text.plist.xml; path = Info.plist; sourceTree = "<group>"; };
		0EFAA5C61D1952E800750122 /* BlappyFird WatchKit Extension.appex */ = {isa = PBXFileReference; explicitFileType = "wrapper.app-extension"; includeInIndex = 0; path = "BlappyFird WatchKit Extension.appex"; sourceTree = BUILT_PRODUCTS_DIR; };
		0EFAA5CB1D1952E800750122 /* InterfaceController.swift */ = {isa = PBXFileReference; lastKnownFileType = sourcecode.swift; path = InterfaceController.swift; sourceTree = "<group>"; };
		0EFAA5CD1D1952E800750122 /* ExtensionDelegate.swift */ = {isa = PBXFileReference; lastKnownFileType = sourcecode.swift; path = ExtensionDelegate.swift; sourceTree = "<group>"; };
		0EFAA5CF1D1952E800750122 /* Assets.xcassets */ = {isa = PBXFileReference; lastKnownFileType = folder.assetcatalog; path = Assets.xcassets; sourceTree = "<group>"; };
		0EFAA5D11D1952E800750122 /* Info.plist */ = {isa = PBXFileReference; lastKnownFileType = text.plist.xml; path = Info.plist; sourceTree = "<group>"; };
		0EFAA5DF1D19531100750122 /* GameScene.swift */ = {isa = PBXFileReference; fileEncoding = 4; lastKnownFileType = sourcecode.swift; path = GameScene.swift; sourceTree = "<group>"; };
		0EFAA5E01D19531100750122 /* PlayerNode.swift */ = {isa = PBXFileReference; fileEncoding = 4; lastKnownFileType = sourcecode.swift; path = PlayerNode.swift; sourceTree = "<group>"; };
		0EFAA5E11D19531100750122 /* PipeNode.swift */ = {isa = PBXFileReference; fileEncoding = 4; lastKnownFileType = sourcecode.swift; path = PipeNode.swift; sourceTree = "<group>"; };
		0EFAA5E21D19531100750122 /* PipePair.swift */ = {isa = PBXFileReference; fileEncoding = 4; lastKnownFileType = sourcecode.swift; path = PipePair.swift; sourceTree = "<group>"; };
		0EFAA5E31D19531100750122 /* UpperPipeNode.swift */ = {isa = PBXFileReference; fileEncoding = 4; lastKnownFileType = sourcecode.swift; path = UpperPipeNode.swift; sourceTree = "<group>"; };
		0EFAA5E41D19531100750122 /* LowerPipeNode.swift */ = {isa = PBXFileReference; fileEncoding = 4; lastKnownFileType = sourcecode.swift; path = LowerPipeNode.swift; sourceTree = "<group>"; };
		0EFAA5F31D19535200750122 /* SpriteKit.framework */ = {isa = PBXFileReference; lastKnownFileType = wrapper.framework; name = SpriteKit.framework; path = System/Library/Frameworks/SpriteKit.framework; sourceTree = SDKROOT; };
		0EFAA5F51D19535900750122 /* SpriteKit.framework */ = {isa = PBXFileReference; lastKnownFileType = wrapper.framework; name = SpriteKit.framework; path = Platforms/WatchOS.platform/Developer/SDKs/WatchOS3.0.sdk/System/Library/Frameworks/SpriteKit.framework; sourceTree = DEVELOPER_DIR; };
/* End PBXFileReference section */

/* Begin PBXFrameworksBuildPhase section */
		0EE13C061D1D5F9500A9E7C7 /* Frameworks */ = {
			isa = PBXFrameworksBuildPhase;
			buildActionMask = 2147483647;
			files = (
				0EE13C1F1D1D5FB300A9E7C7 /* SpriteKit.framework in Frameworks */,
			);
			runOnlyForDeploymentPostprocessing = 0;
		};
		0EFAA5A21D1952E800750122 /* Frameworks */ = {
			isa = PBXFrameworksBuildPhase;
			buildActionMask = 2147483647;
			files = (
				0EFAA5F41D19535200750122 /* SpriteKit.framework in Frameworks */,
			);
			runOnlyForDeploymentPostprocessing = 0;
		};
		0EFAA5C31D1952E800750122 /* Frameworks */ = {
			isa = PBXFrameworksBuildPhase;
			buildActionMask = 2147483647;
			files = (
				0EFAA5F61D19535900750122 /* SpriteKit.framework in Frameworks */,
			);
			runOnlyForDeploymentPostprocessing = 0;
		};
/* End PBXFrameworksBuildPhase section */

/* Begin PBXGroup section */
		0EE13C0A1D1D5F9500A9E7C7 /* Blappy Fird */ = {
			isa = PBXGroup;
			children = (
				0EE13C0B1D1D5F9500A9E7C7 /* AppDelegate.swift */,
				0EE13C0D1D1D5F9500A9E7C7 /* TVViewController.swift */,
				0EE13C0F1D1D5F9500A9E7C7 /* Main.storyboard */,
				0EE13C121D1D5F9500A9E7C7 /* Assets.xcassets */,
				0EE13C141D1D5F9500A9E7C7 /* Info.plist */,
			);
			path = "Blappy Fird";
			sourceTree = "<group>";
		};
		0EFAA59C1D1952E800750122 = {
			isa = PBXGroup;
			children = (
				0EFAA5A71D1952E800750122 /* BlappyFird */,
				0EFAA5BB1D1952E800750122 /* BlappyFird WatchKit App */,
				0EFAA5CA1D1952E800750122 /* BlappyFird WatchKit Extension */,
				0EE13C0A1D1D5F9500A9E7C7 /* Blappy Fird */,
				0EFAA5F21D19535100750122 /* Frameworks */,
				0EFAA5F11D19531700750122 /* GAME */,
				0EFAA5A61D1952E800750122 /* Products */,
			);
			sourceTree = "<group>";
		};
		0EFAA5A61D1952E800750122 /* Products */ = {
			isa = PBXGroup;
			children = (
				0EFAA5A51D1952E800750122 /* BlappyFird.app */,
				0EFAA5B71D1952E800750122 /* BlappyFird WatchKit App.app */,
				0EFAA5C61D1952E800750122 /* BlappyFird WatchKit Extension.appex */,
				0EE13C091D1D5F9500A9E7C7 /* Blappy Fird.app */,
			);
			name = Products;
			sourceTree = "<group>";
		};
		0EFAA5A71D1952E800750122 /* BlappyFird */ = {
			isa = PBXGroup;
			children = (
				0EFAA5A81D1952E800750122 /* AppDelegate.swift */,
				0EFAA5AF1D1952E800750122 /* Assets.xcassets */,
				0EFAA5B41D1952E800750122 /* Info.plist */,
				0EFAA5B11D1952E800750122 /* LaunchScreen.storyboard */,
				0EFAA5AC1D1952E800750122 /* Main.storyboard */,
				0EFAA5AA1D1952E800750122 /* ViewController.swift */,
			);
			path = BlappyFird;
			sourceTree = "<group>";
		};
		0EFAA5BB1D1952E800750122 /* BlappyFird WatchKit App */ = {
			isa = PBXGroup;
			children = (
				0EFAA5BF1D1952E800750122 /* Assets.xcassets */,
				0EFAA5C11D1952E800750122 /* Info.plist */,
				0EFAA5BC1D1952E800750122 /* Interface.storyboard */,
			);
			path = "BlappyFird WatchKit App";
			sourceTree = "<group>";
		};
		0EFAA5CA1D1952E800750122 /* BlappyFird WatchKit Extension */ = {
			isa = PBXGroup;
			children = (
				0EFAA5CF1D1952E800750122 /* Assets.xcassets */,
				0EFAA5CD1D1952E800750122 /* ExtensionDelegate.swift */,
				0EFAA5D11D1952E800750122 /* Info.plist */,
				0EFAA5CB1D1952E800750122 /* InterfaceController.swift */,
			);
			path = "BlappyFird WatchKit Extension";
			sourceTree = "<group>";
		};
		0EFAA5F11D19531700750122 /* GAME */ = {
			isa = PBXGroup;
			children = (
				0EFAA5DF1D19531100750122 /* GameScene.swift */,
				0EFAA5E41D19531100750122 /* LowerPipeNode.swift */,
				0EFAA5E11D19531100750122 /* PipeNode.swift */,
				0EFAA5E21D19531100750122 /* PipePair.swift */,
				0EFAA5E01D19531100750122 /* PlayerNode.swift */,
				0EFAA5E31D19531100750122 /* UpperPipeNode.swift */,
				0E8B98CD1D284B6400C9663F /* ScrollingBackgroundScene.swift */,
			);
			path = GAME;
			sourceTree = "<group>";
		};
		0EFAA5F21D19535100750122 /* Frameworks */ = {
			isa = PBXGroup;
			children = (
				0EE13C1E1D1D5FB300A9E7C7 /* SpriteKit.framework */,
				0EFAA5F51D19535900750122 /* SpriteKit.framework */,
				0EFAA5F31D19535200750122 /* SpriteKit.framework */,
			);
			name = Frameworks;
			sourceTree = "<group>";
		};
/* End PBXGroup section */

/* Begin PBXNativeTarget section */
		0EE13C081D1D5F9500A9E7C7 /* Blappy Fird */ = {
			isa = PBXNativeTarget;
			buildConfigurationList = 0EE13C171D1D5F9500A9E7C7 /* Build configuration list for PBXNativeTarget "Blappy Fird" */;
			buildPhases = (
				0EE13C051D1D5F9500A9E7C7 /* Sources */,
				0EE13C061D1D5F9500A9E7C7 /* Frameworks */,
				0EE13C071D1D5F9500A9E7C7 /* Resources */,
			);
			buildRules = (
			);
			dependencies = (
			);
			name = "Blappy Fird";
			productName = "Blappy Fird";
			productReference = 0EE13C091D1D5F9500A9E7C7 /* Blappy Fird.app */;
			productType = "com.apple.product-type.application";
		};
		0EFAA5A41D1952E800750122 /* BlappyFird */ = {
			isa = PBXNativeTarget;
			buildConfigurationList = 0EFAA5DC1D1952E800750122 /* Build configuration list for PBXNativeTarget "BlappyFird" */;
			buildPhases = (
				0EFAA5A11D1952E800750122 /* Sources */,
				0EFAA5A21D1952E800750122 /* Frameworks */,
				0EFAA5A31D1952E800750122 /* Resources */,
				0EFAA5DB1D1952E800750122 /* Embed Watch Content */,
			);
			buildRules = (
			);
			dependencies = (
				0EFAA5BA1D1952E800750122 /* PBXTargetDependency */,
			);
			name = BlappyFird;
			productName = BlappyFird;
			productReference = 0EFAA5A51D1952E800750122 /* BlappyFird.app */;
			productType = "com.apple.product-type.application";
		};
		0EFAA5B61D1952E800750122 /* BlappyFird WatchKit App */ = {
			isa = PBXNativeTarget;
			buildConfigurationList = 0EFAA5D81D1952E800750122 /* Build configuration list for PBXNativeTarget "BlappyFird WatchKit App" */;
			buildPhases = (
				0EFAA5B51D1952E800750122 /* Resources */,
				0EFAA5D71D1952E800750122 /* Embed App Extensions */,
			);
			buildRules = (
			);
			dependencies = (
				0EFAA5C91D1952E800750122 /* PBXTargetDependency */,
			);
			name = "BlappyFird WatchKit App";
			productName = "BlappyFird WatchKit App";
			productReference = 0EFAA5B71D1952E800750122 /* BlappyFird WatchKit App.app */;
			productType = "com.apple.product-type.application.watchapp2";
		};
		0EFAA5C51D1952E800750122 /* BlappyFird WatchKit Extension */ = {
			isa = PBXNativeTarget;
			buildConfigurationList = 0EFAA5D41D1952E800750122 /* Build configuration list for PBXNativeTarget "BlappyFird WatchKit Extension" */;
			buildPhases = (
				0EFAA5C21D1952E800750122 /* Sources */,
				0EFAA5C31D1952E800750122 /* Frameworks */,
				0EFAA5C41D1952E800750122 /* Resources */,
			);
			buildRules = (
			);
			dependencies = (
			);
			name = "BlappyFird WatchKit Extension";
			productName = "BlappyFird WatchKit Extension";
			productReference = 0EFAA5C61D1952E800750122 /* BlappyFird WatchKit Extension.appex */;
			productType = "com.apple.product-type.watchkit2-extension";
		};
/* End PBXNativeTarget section */

/* Begin PBXProject section */
		0EFAA59D1D1952E800750122 /* Project object */ = {
			isa = PBXProject;
			attributes = {
				LastSwiftUpdateCheck = 0800;
				LastUpgradeCheck = 0800;
				ORGANIZATIONNAME = "Big Nerd Ranch";
				TargetAttributes = {
					0EE13C081D1D5F9500A9E7C7 = {
						CreatedOnToolsVersion = 8.0;
						DevelopmentTeam = LPR82YBESG;
						DevelopmentTeamName = "Steve Sparks";
						ProvisioningStyle = Automatic;
					};
					0EFAA5A41D1952E800750122 = {
						CreatedOnToolsVersion = 8.0;
						DevelopmentTeam = 439592V3LM;
						DevelopmentTeamName = "Big Nerd Ranch, Inc";
						ProvisioningStyle = Automatic;
					};
					0EFAA5B61D1952E800750122 = {
						CreatedOnToolsVersion = 8.0;
						DevelopmentTeam = 439592V3LM;
						DevelopmentTeamName = "Big Nerd Ranch, Inc";
						ProvisioningStyle = Automatic;
					};
					0EFAA5C51D1952E800750122 = {
						CreatedOnToolsVersion = 8.0;
						DevelopmentTeam = 439592V3LM;
						DevelopmentTeamName = "Big Nerd Ranch, Inc";
						ProvisioningStyle = Automatic;
					};
				};
			};
			buildConfigurationList = 0EFAA5A01D1952E800750122 /* Build configuration list for PBXProject "BlappyFird" */;
			compatibilityVersion = "Xcode 3.2";
			developmentRegion = English;
			hasScannedForEncodings = 0;
			knownRegions = (
				en,
				Base,
			);
			mainGroup = 0EFAA59C1D1952E800750122;
			productRefGroup = 0EFAA5A61D1952E800750122 /* Products */;
			projectDirPath = "";
			projectRoot = "";
			targets = (
				0EFAA5A41D1952E800750122 /* BlappyFird */,
				0EFAA5B61D1952E800750122 /* BlappyFird WatchKit App */,
				0EFAA5C51D1952E800750122 /* BlappyFird WatchKit Extension */,
				0EE13C081D1D5F9500A9E7C7 /* Blappy Fird */,
			);
		};
/* End PBXProject section */

/* Begin PBXResourcesBuildPhase section */
		0EE13C071D1D5F9500A9E7C7 /* Resources */ = {
			isa = PBXResourcesBuildPhase;
			buildActionMask = 2147483647;
			files = (
				0EE13C131D1D5F9500A9E7C7 /* Assets.xcassets in Resources */,
				0EE13C111D1D5F9500A9E7C7 /* Main.storyboard in Resources */,
			);
			runOnlyForDeploymentPostprocessing = 0;
		};
		0EFAA5A31D1952E800750122 /* Resources */ = {
			isa = PBXResourcesBuildPhase;
			buildActionMask = 2147483647;
			files = (
				0EFAA5B31D1952E800750122 /* LaunchScreen.storyboard in Resources */,
				0EFAA5B01D1952E800750122 /* Assets.xcassets in Resources */,
				0EFAA5AE1D1952E800750122 /* Main.storyboard in Resources */,
			);
			runOnlyForDeploymentPostprocessing = 0;
		};
		0EFAA5B51D1952E800750122 /* Resources */ = {
			isa = PBXResourcesBuildPhase;
			buildActionMask = 2147483647;
			files = (
				0EFAA5C01D1952E800750122 /* Assets.xcassets in Resources */,
				0EFAA5BE1D1952E800750122 /* Interface.storyboard in Resources */,
			);
			runOnlyForDeploymentPostprocessing = 0;
		};
		0EFAA5C41D1952E800750122 /* Resources */ = {
			isa = PBXResourcesBuildPhase;
			buildActionMask = 2147483647;
			files = (
				0EFAA5D01D1952E800750122 /* Assets.xcassets in Resources */,
			);
			runOnlyForDeploymentPostprocessing = 0;
		};
/* End PBXResourcesBuildPhase section */

/* Begin PBXSourcesBuildPhase section */
		0EE13C051D1D5F9500A9E7C7 /* Sources */ = {
			isa = PBXSourcesBuildPhase;
			buildActionMask = 2147483647;
			files = (
				0EE13C1C1D1D5FA700A9E7C7 /* PlayerNode.swift in Sources */,
				0EE13C181D1D5FA600A9E7C7 /* GameScene.swift in Sources */,
				0EE13C0E1D1D5F9500A9E7C7 /* TVViewController.swift in Sources */,
				0EE13C1A1D1D5FA600A9E7C7 /* PipeNode.swift in Sources */,
				0EE13C1B1D1D5FA700A9E7C7 /* PipePair.swift in Sources */,
				0EE13C0C1D1D5F9500A9E7C7 /* AppDelegate.swift in Sources */,
				0E8B98D01D284B8100C9663F /* ScrollingBackgroundScene.swift in Sources */,
				0EE13C1D1D1D5FA700A9E7C7 /* UpperPipeNode.swift in Sources */,
				0EE13C191D1D5FA600A9E7C7 /* LowerPipeNode.swift in Sources */,
			);
			runOnlyForDeploymentPostprocessing = 0;
		};
		0EFAA5A11D1952E800750122 /* Sources */ = {
			isa = PBXSourcesBuildPhase;
			buildActionMask = 2147483647;
			files = (
				0EFAA5E51D19531100750122 /* GameScene.swift in Sources */,
				0EFAA5AB1D1952E800750122 /* ViewController.swift in Sources */,
				0EFAA5E91D19531100750122 /* PipeNode.swift in Sources */,
				0EFAA5EF1D19531100750122 /* LowerPipeNode.swift in Sources */,
				0EFAA5ED1D19531100750122 /* UpperPipeNode.swift in Sources */,
				0EFAA5EB1D19531100750122 /* PipePair.swift in Sources */,
				0E8B98CE1D284B6400C9663F /* ScrollingBackgroundScene.swift in Sources */,
				0EFAA5E71D19531100750122 /* PlayerNode.swift in Sources */,
				0EFAA5A91D1952E800750122 /* AppDelegate.swift in Sources */,
			);
			runOnlyForDeploymentPostprocessing = 0;
		};
		0EFAA5C21D1952E800750122 /* Sources */ = {
			isa = PBXSourcesBuildPhase;
			buildActionMask = 2147483647;
			files = (
				0EFAA5E61D19531100750122 /* GameScene.swift in Sources */,
				0EFAA5CE1D1952E800750122 /* ExtensionDelegate.swift in Sources */,
				0EFAA5EA1D19531100750122 /* PipeNode.swift in Sources */,
				0EFAA5F01D19531100750122 /* LowerPipeNode.swift in Sources */,
				0EFAA5EE1D19531100750122 /* UpperPipeNode.swift in Sources */,
				0EFAA5EC1D19531100750122 /* PipePair.swift in Sources */,
				0E8B98CF1D284B8000C9663F /* ScrollingBackgroundScene.swift in Sources */,
				0EFAA5E81D19531100750122 /* PlayerNode.swift in Sources */,
				0EFAA5CC1D1952E800750122 /* InterfaceController.swift in Sources */,
			);
			runOnlyForDeploymentPostprocessing = 0;
		};
/* End PBXSourcesBuildPhase section */

/* Begin PBXTargetDependency section */
		0EFAA5BA1D1952E800750122 /* PBXTargetDependency */ = {
			isa = PBXTargetDependency;
			target = 0EFAA5B61D1952E800750122 /* BlappyFird WatchKit App */;
			targetProxy = 0EFAA5B91D1952E800750122 /* PBXContainerItemProxy */;
		};
		0EFAA5C91D1952E800750122 /* PBXTargetDependency */ = {
			isa = PBXTargetDependency;
			target = 0EFAA5C51D1952E800750122 /* BlappyFird WatchKit Extension */;
			targetProxy = 0EFAA5C81D1952E800750122 /* PBXContainerItemProxy */;
		};
/* End PBXTargetDependency section */

/* Begin PBXVariantGroup section */
		0EE13C0F1D1D5F9500A9E7C7 /* Main.storyboard */ = {
			isa = PBXVariantGroup;
			children = (
				0EE13C101D1D5F9500A9E7C7 /* Base */,
			);
			name = Main.storyboard;
			sourceTree = "<group>";
		};
		0EFAA5AC1D1952E800750122 /* Main.storyboard */ = {
			isa = PBXVariantGroup;
			children = (
				0EFAA5AD1D1952E800750122 /* Base */,
			);
			name = Main.storyboard;
			path = .;
			sourceTree = "<group>";
		};
		0EFAA5B11D1952E800750122 /* LaunchScreen.storyboard */ = {
			isa = PBXVariantGroup;
			children = (
				0EFAA5B21D1952E800750122 /* Base */,
			);
			name = LaunchScreen.storyboard;
			path = .;
			sourceTree = "<group>";
		};
		0EFAA5BC1D1952E800750122 /* Interface.storyboard */ = {
			isa = PBXVariantGroup;
			children = (
				0EFAA5BD1D1952E800750122 /* Base */,
			);
			name = Interface.storyboard;
			path = .;
			sourceTree = "<group>";
		};
/* End PBXVariantGroup section */

/* Begin XCBuildConfiguration section */
		0EE13C151D1D5F9500A9E7C7 /* Debug */ = {
			isa = XCBuildConfiguration;
			buildSettings = {
				ASSETCATALOG_COMPILER_APPICON_NAME = "App Icon & Top Shelf Image";
				ASSETCATALOG_COMPILER_LAUNCHIMAGE_NAME = LaunchImage;
				INFOPLIST_FILE = "Blappy Fird/Info.plist";
				LD_RUNPATH_SEARCH_PATHS = "$(inherited) @executable_path/Frameworks";
				PRODUCT_BUNDLE_IDENTIFIER = "com.bignerdranch.Blappy-Fird";
				PRODUCT_NAME = "$(TARGET_NAME)";
				SDKROOT = appletvos;
				SWIFT_VERSION = 3.0;
				TARGETED_DEVICE_FAMILY = 3;
				TVOS_DEPLOYMENT_TARGET = 9.0;
			};
			name = Debug;
		};
		0EE13C161D1D5F9500A9E7C7 /* Release */ = {
			isa = XCBuildConfiguration;
			buildSettings = {
				ASSETCATALOG_COMPILER_APPICON_NAME = "App Icon & Top Shelf Image";
				ASSETCATALOG_COMPILER_LAUNCHIMAGE_NAME = LaunchImage;
				INFOPLIST_FILE = "Blappy Fird/Info.plist";
				LD_RUNPATH_SEARCH_PATHS = "$(inherited) @executable_path/Frameworks";
				PRODUCT_BUNDLE_IDENTIFIER = "com.bignerdranch.Blappy-Fird";
				PRODUCT_NAME = "$(TARGET_NAME)";
				SDKROOT = appletvos;
				SWIFT_VERSION = 3.0;
				TARGETED_DEVICE_FAMILY = 3;
				TVOS_DEPLOYMENT_TARGET = 9.0;
			};
			name = Release;
		};
		0EFAA5D21D1952E800750122 /* Debug */ = {
			isa = XCBuildConfiguration;
			buildSettings = {
				ALWAYS_SEARCH_USER_PATHS = NO;
				CLANG_ANALYZER_NONNULL = YES;
				CLANG_CXX_LANGUAGE_STANDARD = "gnu++0x";
				CLANG_CXX_LIBRARY = "libc++";
				CLANG_ENABLE_MODULES = YES;
				CLANG_ENABLE_OBJC_ARC = YES;
				CLANG_WARN_BOOL_CONVERSION = YES;
				CLANG_WARN_CONSTANT_CONVERSION = YES;
				CLANG_WARN_DIRECT_OBJC_ISA_USAGE = YES_ERROR;
				CLANG_WARN_DOCUMENTATION_COMMENTS = YES;
				CLANG_WARN_EMPTY_BODY = YES;
				CLANG_WARN_ENUM_CONVERSION = YES;
				CLANG_WARN_INT_CONVERSION = YES;
				CLANG_WARN_OBJC_ROOT_CLASS = YES_ERROR;
				CLANG_WARN_UNREACHABLE_CODE = YES;
				CLANG_WARN__DUPLICATE_METHOD_MATCH = YES;
				"CODE_SIGN_IDENTITY[sdk=iphoneos*]" = "iPhone Developer";
				COPY_PHASE_STRIP = NO;
				DEBUG_INFORMATION_FORMAT = dwarf;
				ENABLE_STRICT_OBJC_MSGSEND = YES;
				ENABLE_TESTABILITY = YES;
				GCC_C_LANGUAGE_STANDARD = gnu99;
				GCC_DYNAMIC_NO_PIC = NO;
				GCC_NO_COMMON_BLOCKS = YES;
				GCC_OPTIMIZATION_LEVEL = 0;
				GCC_PREPROCESSOR_DEFINITIONS = (
					"DEBUG=1",
					"$(inherited)",
				);
				GCC_WARN_64_TO_32_BIT_CONVERSION = YES;
				GCC_WARN_ABOUT_RETURN_TYPE = YES_ERROR;
				GCC_WARN_UNDECLARED_SELECTOR = YES;
				GCC_WARN_UNINITIALIZED_AUTOS = YES_AGGRESSIVE;
				GCC_WARN_UNUSED_FUNCTION = YES;
				GCC_WARN_UNUSED_VARIABLE = YES;
				IPHONEOS_DEPLOYMENT_TARGET = 10.0;
				MTL_ENABLE_DEBUG_INFO = YES;
				ONLY_ACTIVE_ARCH = YES;
				SDKROOT = iphoneos;
				SWIFT_ACTIVE_COMPILATION_CONDITIONS = DEBUG;
				SWIFT_OPTIMIZATION_LEVEL = "-Onone";
			};
			name = Debug;
		};
		0EFAA5D31D1952E800750122 /* Release */ = {
			isa = XCBuildConfiguration;
			buildSettings = {
				ALWAYS_SEARCH_USER_PATHS = NO;
				CLANG_ANALYZER_NONNULL = YES;
				CLANG_CXX_LANGUAGE_STANDARD = "gnu++0x";
				CLANG_CXX_LIBRARY = "libc++";
				CLANG_ENABLE_MODULES = YES;
				CLANG_ENABLE_OBJC_ARC = YES;
				CLANG_WARN_BOOL_CONVERSION = YES;
				CLANG_WARN_CONSTANT_CONVERSION = YES;
				CLANG_WARN_DIRECT_OBJC_ISA_USAGE = YES_ERROR;
				CLANG_WARN_DOCUMENTATION_COMMENTS = YES;
				CLANG_WARN_EMPTY_BODY = YES;
				CLANG_WARN_ENUM_CONVERSION = YES;
				CLANG_WARN_INT_CONVERSION = YES;
				CLANG_WARN_OBJC_ROOT_CLASS = YES_ERROR;
				CLANG_WARN_UNREACHABLE_CODE = YES;
				CLANG_WARN__DUPLICATE_METHOD_MATCH = YES;
				"CODE_SIGN_IDENTITY[sdk=iphoneos*]" = "iPhone Developer";
				COPY_PHASE_STRIP = NO;
				DEBUG_INFORMATION_FORMAT = "dwarf-with-dsym";
				ENABLE_NS_ASSERTIONS = NO;
				ENABLE_STRICT_OBJC_MSGSEND = YES;
				GCC_C_LANGUAGE_STANDARD = gnu99;
				GCC_NO_COMMON_BLOCKS = YES;
				GCC_WARN_64_TO_32_BIT_CONVERSION = YES;
				GCC_WARN_ABOUT_RETURN_TYPE = YES_ERROR;
				GCC_WARN_UNDECLARED_SELECTOR = YES;
				GCC_WARN_UNINITIALIZED_AUTOS = YES_AGGRESSIVE;
				GCC_WARN_UNUSED_FUNCTION = YES;
				GCC_WARN_UNUSED_VARIABLE = YES;
				IPHONEOS_DEPLOYMENT_TARGET = 10.0;
				MTL_ENABLE_DEBUG_INFO = NO;
				SDKROOT = iphoneos;
				SWIFT_OPTIMIZATION_LEVEL = "-Owholemodule";
				VALIDATE_PRODUCT = YES;
			};
			name = Release;
		};
		0EFAA5D51D1952E800750122 /* Debug */ = {
			isa = XCBuildConfiguration;
			buildSettings = {
				ASSETCATALOG_COMPILER_COMPLICATION_NAME = Complication;
				INFOPLIST_FILE = "BlappyFird WatchKit Extension/Info.plist";
				LD_RUNPATH_SEARCH_PATHS = "$(inherited) @executable_path/Frameworks @executable_path/../../Frameworks";
				PRODUCT_BUNDLE_IDENTIFIER = com.bignerdranch.BlappyFird.watchkitapp.watchkitextension;
				PRODUCT_NAME = "${TARGET_NAME}";
				SDKROOT = watchos;
				SKIP_INSTALL = YES;
				SWIFT_VERSION = 3.0;
				TARGETED_DEVICE_FAMILY = 4;
				WATCHOS_DEPLOYMENT_TARGET = 3.0;
			};
			name = Debug;
		};
		0EFAA5D61D1952E800750122 /* Release */ = {
			isa = XCBuildConfiguration;
			buildSettings = {
				ASSETCATALOG_COMPILER_COMPLICATION_NAME = Complication;
				INFOPLIST_FILE = "BlappyFird WatchKit Extension/Info.plist";
				LD_RUNPATH_SEARCH_PATHS = "$(inherited) @executable_path/Frameworks @executable_path/../../Frameworks";
				PRODUCT_BUNDLE_IDENTIFIER = com.bignerdranch.BlappyFird.watchkitapp.watchkitextension;
				PRODUCT_NAME = "${TARGET_NAME}";
				SDKROOT = watchos;
				SKIP_INSTALL = YES;
				SWIFT_VERSION = 3.0;
				TARGETED_DEVICE_FAMILY = 4;
				WATCHOS_DEPLOYMENT_TARGET = 3.0;
			};
			name = Release;
		};
		0EFAA5D91D1952E800750122 /* Debug */ = {
			isa = XCBuildConfiguration;
			buildSettings = {
				ALWAYS_EMBED_SWIFT_STANDARD_LIBRARIES = YES;
				ASSETCATALOG_COMPILER_APPICON_NAME = AppIcon;
				IBSC_MODULE = BlappyFird_WatchKit_Extension;
				INFOPLIST_FILE = "BlappyFird WatchKit App/Info.plist";
				PRODUCT_BUNDLE_IDENTIFIER = com.bignerdranch.BlappyFird.watchkitapp;
				PRODUCT_NAME = "$(TARGET_NAME)";
				SDKROOT = watchos;
				SKIP_INSTALL = YES;
				SWIFT_VERSION = 3.0;
				TARGETED_DEVICE_FAMILY = 4;
				WATCHOS_DEPLOYMENT_TARGET = 3.0;
			};
			name = Debug;
		};
		0EFAA5DA1D1952E800750122 /* Release */ = {
			isa = XCBuildConfiguration;
			buildSettings = {
				ALWAYS_EMBED_SWIFT_STANDARD_LIBRARIES = YES;
				ASSETCATALOG_COMPILER_APPICON_NAME = AppIcon;
				IBSC_MODULE = BlappyFird_WatchKit_Extension;
				INFOPLIST_FILE = "BlappyFird WatchKit App/Info.plist";
				PRODUCT_BUNDLE_IDENTIFIER = com.bignerdranch.BlappyFird.watchkitapp;
				PRODUCT_NAME = "$(TARGET_NAME)";
				SDKROOT = watchos;
				SKIP_INSTALL = YES;
				SWIFT_VERSION = 3.0;
				TARGETED_DEVICE_FAMILY = 4;
				WATCHOS_DEPLOYMENT_TARGET = 3.0;
			};
			name = Release;
		};
		0EFAA5DD1D1952E800750122 /* Debug */ = {
			isa = XCBuildConfiguration;
			buildSettings = {
				ASSETCATALOG_COMPILER_APPICON_NAME = AppIcon;
				INFOPLIST_FILE = BlappyFird/Info.plist;
				LD_RUNPATH_SEARCH_PATHS = "$(inherited) @executable_path/Frameworks";
				PRODUCT_BUNDLE_IDENTIFIER = com.bignerdranch.BlappyFird;
				PRODUCT_NAME = "$(TARGET_NAME)";
				SWIFT_VERSION = 3.0;
			};
			name = Debug;
		};
		0EFAA5DE1D1952E800750122 /* Release */ = {
			isa = XCBuildConfiguration;
			buildSettings = {
				ASSETCATALOG_COMPILER_APPICON_NAME = AppIcon;
				INFOPLIST_FILE = BlappyFird/Info.plist;
				LD_RUNPATH_SEARCH_PATHS = "$(inherited) @executable_path/Frameworks";
				PRODUCT_BUNDLE_IDENTIFIER = com.bignerdranch.BlappyFird;
				PRODUCT_NAME = "$(TARGET_NAME)";
				SWIFT_VERSION = 3.0;
			};
			name = Release;
		};
/* End XCBuildConfiguration section */

/* Begin XCConfigurationList section */
		0EE13C171D1D5F9500A9E7C7 /* Build configuration list for PBXNativeTarget "Blappy Fird" */ = {
			isa = XCConfigurationList;
			buildConfigurations = (
				0EE13C151D1D5F9500A9E7C7 /* Debug */,
				0EE13C161D1D5F9500A9E7C7 /* Release */,
			);
			defaultConfigurationIsVisible = 0;
			defaultConfigurationName = Release;
		};
		0EFAA5A01D1952E800750122 /* Build configuration list for PBXProject "BlappyFird" */ = {
			isa = XCConfigurationList;
			buildConfigurations = (
				0EFAA5D21D1952E800750122 /* Debug */,
				0EFAA5D31D1952E800750122 /* Release */,
			);
			defaultConfigurationIsVisible = 0;
			defaultConfigurationName = Release;
		};
		0EFAA5D41D1952E800750122 /* Build configuration list for PBXNativeTarget "BlappyFird WatchKit Extension" */ = {
			isa = XCConfigurationList;
			buildConfigurations = (
				0EFAA5D51D1952E800750122 /* Debug */,
				0EFAA5D61D1952E800750122 /* Release */,
			);
			defaultConfigurationIsVisible = 0;
			defaultConfigurationName = Release;
		};
		0EFAA5D81D1952E800750122 /* Build configuration list for PBXNativeTarget "BlappyFird WatchKit App" */ = {
			isa = XCConfigurationList;
			buildConfigurations = (
				0EFAA5D91D1952E800750122 /* Debug */,
				0EFAA5DA1D1952E800750122 /* Release */,
			);
			defaultConfigurationIsVisible = 0;
			defaultConfigurationName = Release;
		};
		0EFAA5DC1D1952E800750122 /* Build configuration list for PBXNativeTarget "BlappyFird" */ = {
			isa = XCConfigurationList;
			buildConfigurations = (
				0EFAA5DD1D1952E800750122 /* Debug */,
				0EFAA5DE1D1952E800750122 /* Release */,
			);
			defaultConfigurationIsVisible = 0;
			defaultConfigurationName = Release;
		};
/* End XCConfigurationList section */
	};
	rootObject = 0EFAA59D1D1952E800750122 /* Project object */;
}
